
Microsoft Visual Studio Solution File, Format Version 12.00
# Visual Studio Version 16
VisualStudioVersion = 25.0.1706.12
MinimumVisualStudioVersion = 10.0.40219.1
Project("{2150E333-8FDC-42A3-9474-1A3956D46DE8}") = "XamarinLegacy", "XamarinLegacy", "{B4B6646D-E71D-47F7-AAD6-41788AD31019}"
EndProject
Project("{FAE04EC0-301F-11D3-BF4B-00C04F79EFBC}") = "Omnicasa.Mobile.BlinkID.iOS", "Omnicasa.Mobile.BlinkID.iOS\Omnicasa.Mobile.BlinkID.iOS.csproj", "{F1D8623A-348E-496A-BBB5-B81F4070F2C2}"
EndProject
Project("{2150E333-8FDC-42A3-9474-1A3956D46DE8}") = "Sample", "Sample", "{615299F2-38FB-424E-9547-109ED39D9325}"
EndProject
Project("{FAE04EC0-301F-11D3-BF4B-00C04F79EFBC}") = "Omnicasa.Mobile.BlinkID.iOS.Demo", "Omnicasa.Mobile.BlinkID.iOS.Demo\Omnicasa.Mobile.BlinkID.iOS.Demo.csproj", "{9DE9D548-3E68-4255-A517-845C7C9B570A}"
EndProject
Project("{2150E333-8FDC-42A3-9474-1A3956D46DE8}") = "Net", "Net", "{809BD0DD-BD25-4843-8425-DC0BCEBC8759}"
EndProject
Project("{FAE04EC0-301F-11D3-BF4B-00C04F79EFBC}") = "Omnicasa.Mobile.BlinkID.Maui.iOS", "Omnicasa.Mobile.BlinkID.Maui.iOS\Omnicasa.Mobile.BlinkID.Maui.iOS.csproj", "{20902257-0D0B-4BAA-B98A-CA198ADA9421}"
EndProject
Project("{2150E333-8FDC-42A3-9474-1A3956D46DE8}") = "Sample", "Sample", "{D474ADFF-7AD2-4383-B14D-C0E01DADC3AD}"
EndProject
Project("{FAE04EC0-301F-11D3-BF4B-00C04F79EFBC}") = "Omnicasa.Mobile.BlinkID.Maui.iOS.Demo", "Omnicasa.Mobile.BlinkID.Maui.iOS.Demo\Omnicasa.Mobile.BlinkID.Maui.iOS.Demo.csproj", "{97A1BE53-A5F6-46D0-8F93-ED6F42712828}"
EndProject
Project("{FAE04EC0-301F-11D3-BF4B-00C04F79EFBC}") = "Omnicasa.Mobile.BlinkID.Droid", "Omnicasa.Mobile.BlinkID.Droid\Omnicasa.Mobile.BlinkID.Droid.csproj", "{7FB9E356-0759-48D0-AA10-1A9044B94F5E}"
EndProject
Project("{FAE04EC0-301F-11D3-BF4B-00C04F79EFBC}") = "Omnicasa.Mobile.BlinkID.Droid.Demo", "Omnicasa.Mobile.BlinkID.Droid.Demo\Omnicasa.Mobile.BlinkID.Droid.Demo.csproj", "{35DEA394-EE32-4602-8094-1D8FA14DD45F}"
EndProject
Project("{FAE04EC0-301F-11D3-BF4B-00C04F79EFBC}") = "Omnicasa.Mobile.BlinkID.Maui.Droid", "Omnicasa.Mobile.BlinkID.Maui.Droid\Omnicasa.Mobile.BlinkID.Maui.Droid.csproj", "{C2204CAB-F400-41B5-884E-BFBF2A6F5069}"
EndProject
Project("{FAE04EC0-301F-11D3-BF4B-00C04F79EFBC}") = "Omnicasa.Mobile.BlinkID.Maui.Droid.Demo", "Omnicasa.Mobile.BlinkID.Maui.Droid.Demo\Omnicasa.Mobile.BlinkID.Maui.Droid.Demo.csproj", "{617A5AD1-4BC3-4B83-A19F-4FE6132782DB}"
EndProject
Global
	GlobalSection(SolutionConfigurationPlatforms) = preSolution
		Debug|iPhoneSimulator = Debug|iPhoneSimulator
		Release|iPhoneSimulator = Release|iPhoneSimulator
		Debug|iPhone = Debug|iPhone
		Release|iPhone = Release|iPhone
		Debug|Any CPU = Debug|Any CPU
		Release|Any CPU = Release|Any CPU
	EndGlobalSection
	GlobalSection(ProjectConfigurationPlatforms) = postSolution
		{F1D8623A-348E-496A-BBB5-B81F4070F2C2}.Debug|iPhoneSimulator.ActiveCfg = Debug|Any CPU
		{F1D8623A-348E-496A-BBB5-B81F4070F2C2}.Debug|iPhoneSimulator.Build.0 = Debug|Any CPU
		{F1D8623A-348E-496A-BBB5-B81F4070F2C2}.Release|iPhoneSimulator.ActiveCfg = Release|Any CPU
		{F1D8623A-348E-496A-BBB5-B81F4070F2C2}.Release|iPhoneSimulator.Build.0 = Release|Any CPU
		{F1D8623A-348E-496A-BBB5-B81F4070F2C2}.Debug|iPhone.ActiveCfg = Debug|Any CPU
		{F1D8623A-348E-496A-BBB5-B81F4070F2C2}.Debug|iPhone.Build.0 = Debug|Any CPU
		{F1D8623A-348E-496A-BBB5-B81F4070F2C2}.Release|iPhone.ActiveCfg = Release|Any CPU
		{F1D8623A-348E-496A-BBB5-B81F4070F2C2}.Release|iPhone.Build.0 = Release|Any CPU
		{9DE9D548-3E68-4255-A517-845C7C9B570A}.Debug|iPhoneSimulator.ActiveCfg = Debug|iPhoneSimulator
		{9DE9D548-3E68-4255-A517-845C7C9B570A}.Debug|iPhoneSimulator.Build.0 = Debug|iPhoneSimulator
		{9DE9D548-3E68-4255-A517-845C7C9B570A}.Release|iPhoneSimulator.ActiveCfg = Release|iPhoneSimulator
		{9DE9D548-3E68-4255-A517-845C7C9B570A}.Release|iPhoneSimulator.Build.0 = Release|iPhoneSimulator
		{9DE9D548-3E68-4255-A517-845C7C9B570A}.Debug|iPhone.ActiveCfg = Debug|iPhone
		{9DE9D548-3E68-4255-A517-845C7C9B570A}.Debug|iPhone.Build.0 = Debug|iPhone
		{9DE9D548-3E68-4255-A517-845C7C9B570A}.Release|iPhone.ActiveCfg = Release|iPhone
		{9DE9D548-3E68-4255-A517-845C7C9B570A}.Release|iPhone.Build.0 = Release|iPhone
		{20902257-0D0B-4BAA-B98A-CA198ADA9421}.Debug|iPhoneSimulator.ActiveCfg = Debug|Any CPU
		{20902257-0D0B-4BAA-B98A-CA198ADA9421}.Debug|iPhoneSimulator.Build.0 = Debug|Any CPU
		{20902257-0D0B-4BAA-B98A-CA198ADA9421}.Release|iPhoneSimulator.ActiveCfg = Release|Any CPU
		{20902257-0D0B-4BAA-B98A-CA198ADA9421}.Release|iPhoneSimulator.Build.0 = Release|Any CPU
		{20902257-0D0B-4BAA-B98A-CA198ADA9421}.Debug|iPhone.ActiveCfg = Debug|Any CPU
		{20902257-0D0B-4BAA-B98A-CA198ADA9421}.Debug|iPhone.Build.0 = Debug|Any CPU
		{20902257-0D0B-4BAA-B98A-CA198ADA9421}.Release|iPhone.ActiveCfg = Release|Any CPU
		{20902257-0D0B-4BAA-B98A-CA198ADA9421}.Release|iPhone.Build.0 = Release|Any CPU
		{97A1BE53-A5F6-46D0-8F93-ED6F42712828}.Debug|iPhoneSimulator.ActiveCfg = Debug|Any CPU
		{97A1BE53-A5F6-46D0-8F93-ED6F42712828}.Debug|iPhoneSimulator.Build.0 = Debug|Any CPU
		{97A1BE53-A5F6-46D0-8F93-ED6F42712828}.Release|iPhoneSimulator.ActiveCfg = Release|Any CPU
		{97A1BE53-A5F6-46D0-8F93-ED6F42712828}.Release|iPhoneSimulator.Build.0 = Release|Any CPU
		{97A1BE53-A5F6-46D0-8F93-ED6F42712828}.Debug|iPhone.ActiveCfg = Debug|Any CPU
		{97A1BE53-A5F6-46D0-8F93-ED6F42712828}.Debug|iPhone.Build.0 = Debug|Any CPU
		{97A1BE53-A5F6-46D0-8F93-ED6F42712828}.Release|iPhone.ActiveCfg = Release|Any CPU
		{97A1BE53-A5F6-46D0-8F93-ED6F42712828}.Release|iPhone.Build.0 = Release|Any CPU
		{7FB9E356-0759-48D0-AA10-1A9044B94F5E}.Debug|Any CPU.ActiveCfg = Debug|Any CPU
		{7FB9E356-0759-48D0-AA10-1A9044B94F5E}.Debug|Any CPU.Build.0 = Debug|Any CPU
		{7FB9E356-0759-48D0-AA10-1A9044B94F5E}.Release|Any CPU.ActiveCfg = Release|Any CPU
		{7FB9E356-0759-48D0-AA10-1A9044B94F5E}.Release|Any CPU.Build.0 = Release|Any CPU
		{35DEA394-EE32-4602-8094-1D8FA14DD45F}.Debug|Any CPU.ActiveCfg = Debug|Any CPU
		{35DEA394-EE32-4602-8094-1D8FA14DD45F}.Debug|Any CPU.Build.0 = Debug|Any CPU
		{35DEA394-EE32-4602-8094-1D8FA14DD45F}.Release|Any CPU.ActiveCfg = Release|Any CPU
		{35DEA394-EE32-4602-8094-1D8FA14DD45F}.Release|Any CPU.Build.0 = Release|Any CPU
		{C2204CAB-F400-41B5-884E-BFBF2A6F5069}.Debug|iPhoneSimulator.ActiveCfg = Debug|Any CPU
		{C2204CAB-F400-41B5-884E-BFBF2A6F5069}.Debug|iPhoneSimulator.Build.0 = Debug|Any CPU
		{C2204CAB-F400-41B5-884E-BFBF2A6F5069}.Release|iPhoneSimulator.ActiveCfg = Release|Any CPU
		{C2204CAB-F400-41B5-884E-BFBF2A6F5069}.Release|iPhoneSimulator.Build.0 = Release|Any CPU
		{C2204CAB-F400-41B5-884E-BFBF2A6F5069}.Debug|iPhone.ActiveCfg = Debug|Any CPU
		{C2204CAB-F400-41B5-884E-BFBF2A6F5069}.Debug|iPhone.Build.0 = Debug|Any CPU
		{C2204CAB-F400-41B5-884E-BFBF2A6F5069}.Release|iPhone.ActiveCfg = Release|Any CPU
		{C2204CAB-F400-41B5-884E-BFBF2A6F5069}.Release|iPhone.Build.0 = Release|Any CPU
		{C2204CAB-F400-41B5-884E-BFBF2A6F5069}.Debug|Any CPU.ActiveCfg = Debug|Any CPU
		{C2204CAB-F400-41B5-884E-BFBF2A6F5069}.Debug|Any CPU.Build.0 = Debug|Any CPU
		{C2204CAB-F400-41B5-884E-BFBF2A6F5069}.Release|Any CPU.ActiveCfg = Release|Any CPU
		{C2204CAB-F400-41B5-884E-BFBF2A6F5069}.Release|Any CPU.Build.0 = Release|Any CPU
		{617A5AD1-4BC3-4B83-A19F-4FE6132782DB}.Debug|iPhoneSimulator.ActiveCfg = Debug|Any CPU
		{617A5AD1-4BC3-4B83-A19F-4FE6132782DB}.Debug|iPhoneSimulator.Build.0 = Debug|Any CPU
		{617A5AD1-4BC3-4B83-A19F-4FE6132782DB}.Release|iPhoneSimulator.ActiveCfg = Release|Any CPU
		{617A5AD1-4BC3-4B83-A19F-4FE6132782DB}.Release|iPhoneSimulator.Build.0 = Release|Any CPU
		{617A5AD1-4BC3-4B83-A19F-4FE6132782DB}.Debug|iPhone.ActiveCfg = Debug|Any CPU
		{617A5AD1-4BC3-4B83-A19F-4FE6132782DB}.Debug|iPhone.Build.0 = Debug|Any CPU
		{617A5AD1-4BC3-4B83-A19F-4FE6132782DB}.Release|iPhone.ActiveCfg = Release|Any CPU
		{617A5AD1-4BC3-4B83-A19F-4FE6132782DB}.Release|iPhone.Build.0 = Release|Any CPU
		{617A5AD1-4BC3-4B83-A19F-4FE6132782DB}.Debug|Any CPU.ActiveCfg = Debug|Any CPU
		{617A5AD1-4BC3-4B83-A19F-4FE6132782DB}.Debug|Any CPU.Build.0 = Debug|Any CPU
		{617A5AD1-4BC3-4B83-A19F-4FE6132782DB}.Release|Any CPU.ActiveCfg = Release|Any CPU
		{617A5AD1-4BC3-4B83-A19F-4FE6132782DB}.Release|Any CPU.Build.0 = Release|Any CPU
	EndGlobalSection
	GlobalSection(SolutionProperties) = preSolution
		HideSolutionNode = FALSE
	EndGlobalSection
	GlobalSection(ExtensibilityGlobals) = postSolution
		SolutionGuid = {4EDADC50-B19A-4213-8EA5-7A5330B2C3EA}
	EndGlobalSection
	GlobalSection(NestedProjects) = preSolution
		{F1D8623A-348E-496A-BBB5-B81F4070F2C2} = {B4B6646D-E71D-47F7-AAD6-41788AD31019}
		{615299F2-38FB-424E-9547-109ED39D9325} = {B4B6646D-E71D-47F7-AAD6-41788AD31019}
		{9DE9D548-3E68-4255-A517-845C7C9B570A} = {615299F2-38FB-424E-9547-109ED39D9325}
		{20902257-0D0B-4BAA-B98A-CA198ADA9421} = {809BD0DD-BD25-4843-8425-DC0BCEBC8759}
		{D474ADFF-7AD2-4383-B14D-C0E01DADC3AD} = {809BD0DD-BD25-4843-8425-DC0BCEBC8759}
		{97A1BE53-A5F6-46D0-8F93-ED6F42712828} = {D474ADFF-7AD2-4383-B14D-C0E01DADC3AD}
		{7FB9E356-0759-48D0-AA10-1A9044B94F5E} = {B4B6646D-E71D-47F7-AAD6-41788AD31019}
		{35DEA394-EE32-4602-8094-1D8FA14DD45F} = {615299F2-38FB-424E-9547-109ED39D9325}
		{C2204CAB-F400-41B5-884E-BFBF2A6F5069} = {809BD0DD-BD25-4843-8425-DC0BCEBC8759}
		{617A5AD1-4BC3-4B83-A19F-4FE6132782DB} = {D474ADFF-7AD2-4383-B14D-C0E01DADC3AD}
	EndGlobalSection
EndGlobal
